
Microsoft Visual Studio Solution File, Format Version 12.00
# Visual Studio 15
VisualStudioVersion = 15.0.26124.0
MinimumVisualStudioVersion = 15.0.26124.0
Project("{FAE04EC0-301F-11D3-BF4B-00C04F79EFBC}") = "Marvel.Heroes", "Marvel.Heroes\Marvel.Heroes.csproj", "{09A91E54-3D94-4562-9B8D-5034674A1961}"
EndProject
Project("{FAE04EC0-301F-11D3-BF4B-00C04F79EFBC}") = "Marvel.Villains", "Marvel.Villains\Marvel.Villains.csproj", "{FFA08931-F461-40DA-896A-7B20F322BD0F}"
EndProject
Project("{FAE04EC0-301F-11D3-BF4B-00C04F79EFBC}") = "Marvel.World", "Marvel.World\Marvel.World.csproj", "{6B44FE53-2A4D-4814-8404-9C89877B4953}"
EndProject
Global
	GlobalSection(SolutionConfigurationPlatforms) = preSolution
		Debug|Any CPU = Debug|Any CPU
		Debug|x64 = Debug|x64
		Debug|x86 = Debug|x86
		Release|Any CPU = Release|Any CPU
		Release|x64 = Release|x64
		Release|x86 = Release|x86
	EndGlobalSection
	GlobalSection(SolutionProperties) = preSolution
		HideSolutionNode = FALSE
	EndGlobalSection
	GlobalSection(ProjectConfigurationPlatforms) = postSolution
		{09A91E54-3D94-4562-9B8D-5034674A1961}.Debug|Any CPU.ActiveCfg = Debug|Any CPU
		{09A91E54-3D94-4562-9B8D-5034674A1961}.Debug|Any CPU.Build.0 = Debug|Any CPU
		{09A91E54-3D94-4562-9B8D-5034674A1961}.Debug|x64.ActiveCfg = Debug|Any CPU
		{09A91E54-3D94-4562-9B8D-5034674A1961}.Debug|x64.Build.0 = Debug|Any CPU
		{09A91E54-3D94-4562-9B8D-5034674A1961}.Debug|x86.ActiveCfg = Debug|Any CPU
		{09A91E54-3D94-4562-9B8D-5034674A1961}.Debug|x86.Build.0 = Debug|Any CPU
		{09A91E54-3D94-4562-9B8D-5034674A1961}.Release|Any CPU.ActiveCfg = Release|Any CPU
		{09A91E54-3D94-4562-9B8D-5034674A1961}.Release|Any CPU.Build.0 = Release|Any CPU
		{09A91E54-3D94-4562-9B8D-5034674A1961}.Release|x64.ActiveCfg = Release|Any CPU
		{09A91E54-3D94-4562-9B8D-5034674A1961}.Release|x64.Build.0 = Release|Any CPU
		{09A91E54-3D94-4562-9B8D-5034674A1961}.Release|x86.ActiveCfg = Release|Any CPU
		{09A91E54-3D94-4562-9B8D-5034674A1961}.Release|x86.Build.0 = Release|Any CPU
		{FFA08931-F461-40DA-896A-7B20F322BD0F}.Debug|Any CPU.ActiveCfg = Debug|Any CPU
		{FFA08931-F461-40DA-896A-7B20F322BD0F}.Debug|Any CPU.Build.0 = Debug|Any CPU
		{FFA08931-F461-40DA-896A-7B20F322BD0F}.Debug|x64.ActiveCfg = Debug|Any CPU
		{FFA08931-F461-40DA-896A-7B20F322BD0F}.Debug|x64.Build.0 = Debug|Any CPU
		{FFA08931-F461-40DA-896A-7B20F322BD0F}.Debug|x86.ActiveCfg = Debug|Any CPU
		{FFA08931-F461-40DA-896A-7B20F322BD0F}.Debug|x86.Build.0 = Debug|Any CPU
		{FFA08931-F461-40DA-896A-7B20F322BD0F}.Release|Any CPU.ActiveCfg = Release|Any CPU
		{FFA08931-F461-40DA-896A-7B20F322BD0F}.Release|Any CPU.Build.0 = Release|Any CPU
		{FFA08931-F461-40DA-896A-7B20F322BD0F}.Release|x64.ActiveCfg = Release|Any CPU
		{FFA08931-F461-40DA-896A-7B20F322BD0F}.Release|x64.Build.0 = Release|Any CPU
		{FFA08931-F461-40DA-896A-7B20F322BD0F}.Release|x86.ActiveCfg = Release|Any CPU
		{FFA08931-F461-40DA-896A-7B20F322BD0F}.Release|x86.Build.0 = Release|Any CPU
		{6B44FE53-2A4D-4814-8404-9C89877B4953}.Debug|Any CPU.ActiveCfg = Debug|Any CPU
		{6B44FE53-2A4D-4814-8404-9C89877B4953}.Debug|Any CPU.Build.0 = Debug|Any CPU
		{6B44FE53-2A4D-4814-8404-9C89877B4953}.Debug|x64.ActiveCfg = Debug|Any CPU
		{6B44FE53-2A4D-4814-8404-9C89877B4953}.Debug|x64.Build.0 = Debug|Any CPU
		{6B44FE53-2A4D-4814-8404-9C89877B4953}.Debug|x86.ActiveCfg = Debug|Any CPU
		{6B44FE53-2A4D-4814-8404-9C89877B4953}.Debug|x86.Build.0 = Debug|Any CPU
		{6B44FE53-2A4D-4814-8404-9C89877B4953}.Release|Any CPU.ActiveCfg = Release|Any CPU
		{6B44FE53-2A4D-4814-8404-9C89877B4953}.Release|Any CPU.Build.0 = Release|Any CPU
		{6B44FE53-2A4D-4814-8404-9C89877B4953}.Release|x64.ActiveCfg = Release|Any CPU
		{6B44FE53-2A4D-4814-8404-9C89877B4953}.Release|x64.Build.0 = Release|Any CPU
		{6B44FE53-2A4D-4814-8404-9C89877B4953}.Release|x86.ActiveCfg = Release|Any CPU
		{6B44FE53-2A4D-4814-8404-9C89877B4953}.Release|x86.Build.0 = Release|Any CPU
	EndGlobalSection
EndGlobal
